
Microsoft Visual Studio Solution File, Format Version 12.00
# Visual Studio Version 16
VisualStudioVersion = 16.0.31321.278
MinimumVisualStudioVersion = 10.0.40219.1
Project("{9A19103F-16F7-4668-BE54-9A1E7A4F7556}") = "ProAgil.API", "ProAgil.API\ProAgil.API.csproj", "{BE5AF11B-5E58-46EE-A180-01588546FA9E}"
EndProject
Project("{E24C65DC-7377-472B-9ABA-BC803B73C61A}") = "ProAgil-APP", "ProAgil-APP\", "{FC942156-F13F-4700-8571-05248640CE1A}"
	ProjectSection(WebsiteProperties) = preProject
		TargetFrameworkMoniker = ".NETFramework,Version%3Dv4.0"
		Debug.AspNetCompiler.VirtualPath = "/localhost_57192"
		Debug.AspNetCompiler.PhysicalPath = "ProAgil-APP\"
		Debug.AspNetCompiler.TargetPath = "PrecompiledWeb\localhost_57192\"
		Debug.AspNetCompiler.Updateable = "true"
		Debug.AspNetCompiler.ForceOverwrite = "true"
		Debug.AspNetCompiler.FixedNames = "false"
		Debug.AspNetCompiler.Debug = "True"
		Release.AspNetCompiler.VirtualPath = "/localhost_57192"
		Release.AspNetCompiler.PhysicalPath = "ProAgil-APP\"
		Release.AspNetCompiler.TargetPath = "PrecompiledWeb\localhost_57192\"
		Release.AspNetCompiler.Updateable = "true"
		Release.AspNetCompiler.ForceOverwrite = "true"
		Release.AspNetCompiler.FixedNames = "false"
		Release.AspNetCompiler.Debug = "False"
		VWDPort = "57192"
		SlnRelativePath = "ProAgil-APP\"
	EndProjectSection
EndProject
Global
	GlobalSection(SolutionConfigurationPlatforms) = preSolution
		Debug|Any CPU = Debug|Any CPU
		Release|Any CPU = Release|Any CPU
	EndGlobalSection
	GlobalSection(ProjectConfigurationPlatforms) = postSolution
		{BE5AF11B-5E58-46EE-A180-01588546FA9E}.Debug|Any CPU.ActiveCfg = Debug|Any CPU
		{BE5AF11B-5E58-46EE-A180-01588546FA9E}.Debug|Any CPU.Build.0 = Debug|Any CPU
		{BE5AF11B-5E58-46EE-A180-01588546FA9E}.Release|Any CPU.ActiveCfg = Release|Any CPU
		{BE5AF11B-5E58-46EE-A180-01588546FA9E}.Release|Any CPU.Build.0 = Release|Any CPU
		{FC942156-F13F-4700-8571-05248640CE1A}.Debug|Any CPU.ActiveCfg = Debug|Any CPU
		{FC942156-F13F-4700-8571-05248640CE1A}.Debug|Any CPU.Build.0 = Debug|Any CPU
		{FC942156-F13F-4700-8571-05248640CE1A}.Release|Any CPU.ActiveCfg = Debug|Any CPU
		{FC942156-F13F-4700-8571-05248640CE1A}.Release|Any CPU.Build.0 = Debug|Any CPU
	EndGlobalSection
	GlobalSection(SolutionProperties) = preSolution
		HideSolutionNode = FALSE
	EndGlobalSection
	GlobalSection(ExtensibilityGlobals) = postSolution
		SolutionGuid = {6C14E92B-91DC-4A64-BAF4-A6B9B1AF3241}
	EndGlobalSection
EndGlobal
